<?xml version="1.0" encoding="utf-8"?>
<Project ToolsVersion="16.0" xmlns="http://schemas.microsoft.com/developer/msbuild/2003">
  <ItemGroup>
    <CustomBuild Include="N:\Development\Dev_Base\tiff-4.5.1\msvc\CMakeFiles\0fe12ca8af9ffb26050cfea8b0811d95\generate.stamp.rule">
      <Filter>CMake Rules</Filter>
    </CustomBuild>
  </ItemGroup>
  <ItemGroup>
    <Filter Include="CMake Rules">
      <UniqueIdentifier>{E07F9D56-42C1-31AE-AAE6-D8A6F1AC96AF}</UniqueIdentifier>
    </Filter>
  </ItemGroup>
</Project>
