<?xml version="1.0" encoding="utf-8"?>
<Project ToolsVersion="16.0" xmlns="http://schemas.microsoft.com/developer/msbuild/2003">
  <ItemGroup>
    <ClCompile Include="N:\Development\Dev_Base\tiff-4.5.1\tools\tiff2bw.c">
      <Filter>Source Files</Filter>
    </ClCompile>
  </ItemGroup>
  <ItemGroup>
    <ClInclude Include="N:\Development\Dev_Base\tiff-4.5.1\placeholder.h">
      <Filter>Header Files</Filter>
    </ClInclude>
  </ItemGroup>
  <ItemGroup>
    <CustomBuild Include="N:\Development\Dev_Base\tiff-4.5.1\tools\CMakeLists.txt" />
  </ItemGroup>
  <ItemGroup>
    <ResourceCompile Include="N:\Development\Dev_Base\tiff-4.5.1\tools\tif_tools_versioninfo.rc">
      <Filter>Resource Files</Filter>
    </ResourceCompile>
  </ItemGroup>
  <ItemGroup>
    <Filter Include="Header Files">
      <UniqueIdentifier>{B62B19B8-2BED-333A-8AC6-A344C910AD1B}</UniqueIdentifier>
    </Filter>
    <Filter Include="Resource Files">
      <UniqueIdentifier>{14033087-8D87-3171-8E73-8E88648C8D4B}</UniqueIdentifier>
    </Filter>
    <Filter Include="Source Files">
      <UniqueIdentifier>{ADBF392D-F47D-3EA3-BAF0-3AFDBEB1AB11}</UniqueIdentifier>
    </Filter>
  </ItemGroup>
</Project>
